
Microsoft Visual Studio Solution File, Format Version 12.00
# Visual Studio Version 17
VisualStudioVersion = 17.1.31911.260
MinimumVisualStudioVersion = 10.0.40219.1
Project("{9A19103F-16F7-4668-BE54-9A1E7A4F7556}") = "Task_1", "LABARATORNAYA_6\Task_1.csproj", "{BB7E7D94-3A99-4E18-8292-0F161F4AEC6D}"
EndProject
Project("{FAE04EC0-301F-11D3-BF4B-00C04F79EFBC}") = "Task_2", "Task_2\Task_2.csproj", "{2CC39C16-95F6-42AE-BE17-0F1AC9C588E7}"
EndProject
Global
	GlobalSection(SolutionConfigurationPlatforms) = preSolution
		Debug|Any CPU = Debug|Any CPU
		Release|Any CPU = Release|Any CPU
	EndGlobalSection
	GlobalSection(ProjectConfigurationPlatforms) = postSolution
		{BB7E7D94-3A99-4E18-8292-0F161F4AEC6D}.Debug|Any CPU.ActiveCfg = Debug|Any CPU
		{BB7E7D94-3A99-4E18-8292-0F161F4AEC6D}.Debug|Any CPU.Build.0 = Debug|Any CPU
		{BB7E7D94-3A99-4E18-8292-0F161F4AEC6D}.Release|Any CPU.ActiveCfg = Release|Any CPU
		{BB7E7D94-3A99-4E18-8292-0F161F4AEC6D}.Release|Any CPU.Build.0 = Release|Any CPU
		{2CC39C16-95F6-42AE-BE17-0F1AC9C588E7}.Debug|Any CPU.ActiveCfg = Debug|Any CPU
		{2CC39C16-95F6-42AE-BE17-0F1AC9C588E7}.Debug|Any CPU.Build.0 = Debug|Any CPU
		{2CC39C16-95F6-42AE-BE17-0F1AC9C588E7}.Release|Any CPU.ActiveCfg = Release|Any CPU
		{2CC39C16-95F6-42AE-BE17-0F1AC9C588E7}.Release|Any CPU.Build.0 = Release|Any CPU
	EndGlobalSection
	GlobalSection(SolutionProperties) = preSolution
		HideSolutionNode = FALSE
	EndGlobalSection
	GlobalSection(ExtensibilityGlobals) = postSolution
		SolutionGuid = {78FF972D-FCAA-428C-9016-F037C39BDECC}
	EndGlobalSection
EndGlobal
